# This file is automatically @generated by Cargo.
# It is not intended for manual editing.
version = 3

[[package]]
name = "byteorder"
version = "1.4.3"
source = "registry+https://github.com/rust-lang/crates.io-index"
checksum = "14c189c53d098945499cdfa7ecc63567cf3886b3332b312a5b4585d8d3a6a610"

[[package]]
name = "gnuplot"
version = "0.0.37"
source = "registry+https://github.com/rust-lang/crates.io-index"
checksum = "8de437277a7ec10de5f34e3147c7da4c6d8b279c5d8ae1e33e842fd9432bb0f3"
dependencies = [
 "byteorder",
]

[[package]]
name = "rk_4"
version = "0.1.0"
dependencies = [
 "gnuplot",
]
